
Microsoft Visual Studio Solution File, Format Version 12.00
# Visual Studio Version 17
VisualStudioVersion = 17.3.32804.467
MinimumVisualStudioVersion = 10.0.40219.1
Project("{F184B08F-C81C-45F6-A57F-5ABD9991F28F}") = "ComicStrip", "ComicStrip\ComicStrip.vbproj", "{22C692ED-33EB-4B24-B14B-D535C965B7CE}"
EndProject
Project("{9A19103F-16F7-4668-BE54-9A1E7A4F7556}") = "ComixComparer", "ComixComparer\ComixComparer.csproj", "{65C3DE0C-CEC2-4C48-8313-4A20CDC46619}"
EndProject
Project("{778DAE3C-4631-46EA-AA77-85C1314464D9}") = "vblib", "vblib\vblib.vbproj", "{0DFFACC3-0804-420C-97F2-A87DA76BF302}"
EndProject
Global
	GlobalSection(SolutionConfigurationPlatforms) = preSolution
		Debug|Any CPU = Debug|Any CPU
		Debug|ARM = Debug|ARM
		Debug|ARM64 = Debug|ARM64
		Debug|x64 = Debug|x64
		Debug|x86 = Debug|x86
		Release|Any CPU = Release|Any CPU
		Release|ARM = Release|ARM
		Release|ARM64 = Release|ARM64
		Release|x64 = Release|x64
		Release|x86 = Release|x86
	EndGlobalSection
	GlobalSection(ProjectConfigurationPlatforms) = postSolution
		{22C692ED-33EB-4B24-B14B-D535C965B7CE}.Debug|Any CPU.ActiveCfg = Debug|x64
		{22C692ED-33EB-4B24-B14B-D535C965B7CE}.Debug|Any CPU.Build.0 = Debug|x64
		{22C692ED-33EB-4B24-B14B-D535C965B7CE}.Debug|Any CPU.Deploy.0 = Debug|x64
		{22C692ED-33EB-4B24-B14B-D535C965B7CE}.Debug|ARM.ActiveCfg = Debug|ARM
		{22C692ED-33EB-4B24-B14B-D535C965B7CE}.Debug|ARM.Build.0 = Debug|ARM
		{22C692ED-33EB-4B24-B14B-D535C965B7CE}.Debug|ARM.Deploy.0 = Debug|ARM
		{22C692ED-33EB-4B24-B14B-D535C965B7CE}.Debug|ARM64.ActiveCfg = Debug|ARM64
		{22C692ED-33EB-4B24-B14B-D535C965B7CE}.Debug|ARM64.Build.0 = Debug|ARM64
		{22C692ED-33EB-4B24-B14B-D535C965B7CE}.Debug|ARM64.Deploy.0 = Debug|ARM64
		{22C692ED-33EB-4B24-B14B-D535C965B7CE}.Debug|x64.ActiveCfg = Debug|x64
		{22C692ED-33EB-4B24-B14B-D535C965B7CE}.Debug|x64.Build.0 = Debug|x64
		{22C692ED-33EB-4B24-B14B-D535C965B7CE}.Debug|x64.Deploy.0 = Debug|x64
		{22C692ED-33EB-4B24-B14B-D535C965B7CE}.Debug|x86.ActiveCfg = Debug|x86
		{22C692ED-33EB-4B24-B14B-D535C965B7CE}.Debug|x86.Build.0 = Debug|x86
		{22C692ED-33EB-4B24-B14B-D535C965B7CE}.Debug|x86.Deploy.0 = Debug|x86
		{22C692ED-33EB-4B24-B14B-D535C965B7CE}.Release|Any CPU.ActiveCfg = Release|x64
		{22C692ED-33EB-4B24-B14B-D535C965B7CE}.Release|Any CPU.Build.0 = Release|x64
		{22C692ED-33EB-4B24-B14B-D535C965B7CE}.Release|Any CPU.Deploy.0 = Release|x64
		{22C692ED-33EB-4B24-B14B-D535C965B7CE}.Release|ARM.ActiveCfg = Release|ARM
		{22C692ED-33EB-4B24-B14B-D535C965B7CE}.Release|ARM.Build.0 = Release|ARM
		{22C692ED-33EB-4B24-B14B-D535C965B7CE}.Release|ARM.Deploy.0 = Release|ARM
		{22C692ED-33EB-4B24-B14B-D535C965B7CE}.Release|ARM64.ActiveCfg = Release|ARM64
		{22C692ED-33EB-4B24-B14B-D535C965B7CE}.Release|ARM64.Build.0 = Release|ARM64
		{22C692ED-33EB-4B24-B14B-D535C965B7CE}.Release|ARM64.Deploy.0 = Release|ARM64
		{22C692ED-33EB-4B24-B14B-D535C965B7CE}.Release|x64.ActiveCfg = Release|x64
		{22C692ED-33EB-4B24-B14B-D535C965B7CE}.Release|x64.Build.0 = Release|x64
		{22C692ED-33EB-4B24-B14B-D535C965B7CE}.Release|x64.Deploy.0 = Release|x64
		{22C692ED-33EB-4B24-B14B-D535C965B7CE}.Release|x86.ActiveCfg = Release|x86
		{22C692ED-33EB-4B24-B14B-D535C965B7CE}.Release|x86.Build.0 = Release|x86
		{22C692ED-33EB-4B24-B14B-D535C965B7CE}.Release|x86.Deploy.0 = Release|x86
		{65C3DE0C-CEC2-4C48-8313-4A20CDC46619}.Debug|Any CPU.ActiveCfg = Debug|Any CPU
		{65C3DE0C-CEC2-4C48-8313-4A20CDC46619}.Debug|Any CPU.Build.0 = Debug|Any CPU
		{65C3DE0C-CEC2-4C48-8313-4A20CDC46619}.Debug|Any CPU.Deploy.0 = Debug|Any CPU
		{65C3DE0C-CEC2-4C48-8313-4A20CDC46619}.Debug|ARM.ActiveCfg = Debug|Any CPU
		{65C3DE0C-CEC2-4C48-8313-4A20CDC46619}.Debug|ARM.Build.0 = Debug|Any CPU
		{65C3DE0C-CEC2-4C48-8313-4A20CDC46619}.Debug|ARM.Deploy.0 = Debug|Any CPU
		{65C3DE0C-CEC2-4C48-8313-4A20CDC46619}.Debug|ARM64.ActiveCfg = Debug|Any CPU
		{65C3DE0C-CEC2-4C48-8313-4A20CDC46619}.Debug|ARM64.Build.0 = Debug|Any CPU
		{65C3DE0C-CEC2-4C48-8313-4A20CDC46619}.Debug|ARM64.Deploy.0 = Debug|Any CPU
		{65C3DE0C-CEC2-4C48-8313-4A20CDC46619}.Debug|x64.ActiveCfg = Debug|Any CPU
		{65C3DE0C-CEC2-4C48-8313-4A20CDC46619}.Debug|x64.Build.0 = Debug|Any CPU
		{65C3DE0C-CEC2-4C48-8313-4A20CDC46619}.Debug|x64.Deploy.0 = Debug|Any CPU
		{65C3DE0C-CEC2-4C48-8313-4A20CDC46619}.Debug|x86.ActiveCfg = Debug|Any CPU
		{65C3DE0C-CEC2-4C48-8313-4A20CDC46619}.Debug|x86.Build.0 = Debug|Any CPU
		{65C3DE0C-CEC2-4C48-8313-4A20CDC46619}.Debug|x86.Deploy.0 = Debug|Any CPU
		{65C3DE0C-CEC2-4C48-8313-4A20CDC46619}.Release|Any CPU.ActiveCfg = Release|Any CPU
		{65C3DE0C-CEC2-4C48-8313-4A20CDC46619}.Release|Any CPU.Build.0 = Release|Any CPU
		{65C3DE0C-CEC2-4C48-8313-4A20CDC46619}.Release|Any CPU.Deploy.0 = Release|Any CPU
		{65C3DE0C-CEC2-4C48-8313-4A20CDC46619}.Release|ARM.ActiveCfg = Release|Any CPU
		{65C3DE0C-CEC2-4C48-8313-4A20CDC46619}.Release|ARM.Build.0 = Release|Any CPU
		{65C3DE0C-CEC2-4C48-8313-4A20CDC46619}.Release|ARM.Deploy.0 = Release|Any CPU
		{65C3DE0C-CEC2-4C48-8313-4A20CDC46619}.Release|ARM64.ActiveCfg = Release|Any CPU
		{65C3DE0C-CEC2-4C48-8313-4A20CDC46619}.Release|ARM64.Build.0 = Release|Any CPU
		{65C3DE0C-CEC2-4C48-8313-4A20CDC46619}.Release|ARM64.Deploy.0 = Release|Any CPU
		{65C3DE0C-CEC2-4C48-8313-4A20CDC46619}.Release|x64.ActiveCfg = Release|Any CPU
		{65C3DE0C-CEC2-4C48-8313-4A20CDC46619}.Release|x64.Build.0 = Release|Any CPU
		{65C3DE0C-CEC2-4C48-8313-4A20CDC46619}.Release|x64.Deploy.0 = Release|Any CPU
		{65C3DE0C-CEC2-4C48-8313-4A20CDC46619}.Release|x86.ActiveCfg = Release|Any CPU
		{65C3DE0C-CEC2-4C48-8313-4A20CDC46619}.Release|x86.Build.0 = Release|Any CPU
		{65C3DE0C-CEC2-4C48-8313-4A20CDC46619}.Release|x86.Deploy.0 = Release|Any CPU
		{0DFFACC3-0804-420C-97F2-A87DA76BF302}.Debug|Any CPU.ActiveCfg = Debug|Any CPU
		{0DFFACC3-0804-420C-97F2-A87DA76BF302}.Debug|Any CPU.Build.0 = Debug|Any CPU
		{0DFFACC3-0804-420C-97F2-A87DA76BF302}.Debug|ARM.ActiveCfg = Debug|Any CPU
		{0DFFACC3-0804-420C-97F2-A87DA76BF302}.Debug|ARM.Build.0 = Debug|Any CPU
		{0DFFACC3-0804-420C-97F2-A87DA76BF302}.Debug|ARM64.ActiveCfg = Debug|Any CPU
		{0DFFACC3-0804-420C-97F2-A87DA76BF302}.Debug|ARM64.Build.0 = Debug|Any CPU
		{0DFFACC3-0804-420C-97F2-A87DA76BF302}.Debug|x64.ActiveCfg = Debug|Any CPU
		{0DFFACC3-0804-420C-97F2-A87DA76BF302}.Debug|x64.Build.0 = Debug|Any CPU
		{0DFFACC3-0804-420C-97F2-A87DA76BF302}.Debug|x86.ActiveCfg = Debug|Any CPU
		{0DFFACC3-0804-420C-97F2-A87DA76BF302}.Debug|x86.Build.0 = Debug|Any CPU
		{0DFFACC3-0804-420C-97F2-A87DA76BF302}.Release|Any CPU.ActiveCfg = Release|Any CPU
		{0DFFACC3-0804-420C-97F2-A87DA76BF302}.Release|Any CPU.Build.0 = Release|Any CPU
		{0DFFACC3-0804-420C-97F2-A87DA76BF302}.Release|ARM.ActiveCfg = Release|Any CPU
		{0DFFACC3-0804-420C-97F2-A87DA76BF302}.Release|ARM.Build.0 = Release|Any CPU
		{0DFFACC3-0804-420C-97F2-A87DA76BF302}.Release|ARM64.ActiveCfg = Release|Any CPU
		{0DFFACC3-0804-420C-97F2-A87DA76BF302}.Release|ARM64.Build.0 = Release|Any CPU
		{0DFFACC3-0804-420C-97F2-A87DA76BF302}.Release|x64.ActiveCfg = Release|Any CPU
		{0DFFACC3-0804-420C-97F2-A87DA76BF302}.Release|x64.Build.0 = Release|Any CPU
		{0DFFACC3-0804-420C-97F2-A87DA76BF302}.Release|x86.ActiveCfg = Release|Any CPU
		{0DFFACC3-0804-420C-97F2-A87DA76BF302}.Release|x86.Build.0 = Release|Any CPU
	EndGlobalSection
	GlobalSection(SolutionProperties) = preSolution
		HideSolutionNode = FALSE
	EndGlobalSection
	GlobalSection(ExtensibilityGlobals) = postSolution
		SolutionGuid = {8007624F-A9FF-4470-9CBE-EAC1267CAD21}
	EndGlobalSection
EndGlobal
